{
  "name": "fields-of-mistria-wiki",
  "version": "0.1.0",
  "lockfileVersion": 3,
  "requires": true,
  "packages": {
    "": {
      "name": "fields-of-mistria-wiki",
      "version": "0.1.0",
      "dependencies": {
        "gray-matter": "^4.0.3",
        "next": "^16.2.6",
        "next-mdx-remote": "^5.0.0",
        "react": "19.2.6",
        "react-dom": "19.2.6"
      },
      "devDependencies": {
        "@eslint/js": "9.39.4",
        "@next/eslint-plugin-next": "16.2.6",
        "@types/node": "22.19.19",
        "@types/react": "19.2.14",
        "@types/react-dom": "19.2.3",
        "eslint": "9.39.4",
        "eslint-plugin-jsx-a11y": "6.10.2",
        "eslint-plugin-react": "7.37.5",
        "eslint-plugin-react-hooks": "7.1.1",
        "globals": "16.4.0",
        "typescript": "5.9.3",
        "typescript-eslint": "8.59.3"
      },
      "engines": {
        "node": ">=22.13.0"
      }
    },
    "node_modules/@babel/code-frame": {
      "version": "7.29.0",
      "resolved": "https://registry.npmjs.org/@babel/code-frame/-/code-frame-7.29.0.tgz",
      "integrity": "sha512-9NhCeYjq9+3uxgdtp20LSiJXJvN0FeCtNGpJxuMFZ1Kv3cWUNb6DOhJwUvcVCzKGR66cw4njwM6hrJLqgOwbcw==",
      "license": "MIT",
      "dependencies": {
        "@babel/helper-validator-identifier": "^7.28.5",
        "js-tokens": "^4.0.0",
        "picocolors": "^1.1.1"
      },
      "engines": {
        "node": ">=6.9.0"
      }
    },
    "node_modules/@babel/compat-data": {
      "version": "7.29.3",
      "resolved": "https://registry.npmjs.org/@babel/compat-data/-/compat-data-7.29.3.tgz",
      "integrity": "sha512-LIVqM46zQWZhj17qA8wb4nW/ixr2y1Nw+r1etiAWgRM6U1IqP+LNhL1yg440jYZR72jCWcWbLWzIosH+uP1fqg==",
      "dev": true,
      "license": "MIT",
      "engines": {
        "node": ">=6.9.0"
      }
    },
    "node_modules/@babel/core": {
      "version": "7.29.0",
      "resolved": "https://registry.npmjs.org/@babel/core/-/core-7.29.0.tgz",
      "integrity": "sha512-CGOfOJqWjg2qW/Mb6zNsDm+u5vFQ8DxXfbM09z69p5Z6+mE1ikP2jUXw+j42Pf1XTYED2Rni5f95npYeuwMDQA==",
      "dev": true,
      "license": "MIT",
      "dependencies": {
        "@babel/code-frame": "^7.29.0",
        "@babel/generator": "^7.29.0",
        "@babel/helper-compilation-targets": "^7.28.6",
        "@babel/helper-module-transforms": "^7.28.6",
        "@babel/helpers": "^7.28.6",
        "@babel/parser": "^7.29.0",
        "@babel/template": "^7.28.6",
        "@babel/traverse": "^7.29.0",
        "@babel/types": "^7.29.0",
        "@jridgewell/remapping": "^2.3.5",
        "convert-source-map": "^2.0.0",
        "debug": "^4.1.0",
        "gensync": "^1.0.0-beta.2",
        "json5": "^2.2.3",
        "semver": "^6.3.1"
      },
      "engines": {
        "node": ">=6.9.0"
      },
      "funding": {
        "type": "opencollective",
        "url": "https://opencollective.com/babel"
      }
    },
    "node_modules/@babel/generator": {
      "version": "7.29.1",
      "resolved": "https://registry.npmjs.org/@babel/generator/-/generator-7.29.1.tgz",
      "integrity": "sha512-qsaF+9Qcm2Qv8SRIMMscAvG4O3lJ0F1GuMo5HR/Bp02LopNgnZBC/EkbevHFeGs4ls/oPz9v+Bsmzbkbe+0dUw==",
      "dev": true,
      "license": "MIT",
      "dependencies": {
        "@babel/parser": "^7.29.0",
        "@babel/types": "^7.29.0",
        "@jridgewell/gen-mapping": "^0.3.12",
        "@jridgewell/trace-mapping": "^0.3.28",
        "jsesc": "^3.0.2"
      },
      "engines": {
        "node": ">=6.9.0"
      }
    },
    "node_modules/@babel/helper-compilation-targets": {
      "version": "7.28.6",
      "resolved": "https://registry.npmjs.org/@babel/helper-compilation-targets/-/helper-compilation-targets-7.28.6.tgz",
      "integrity": "sha512-JYtls3hqi15fcx5GaSNL7SCTJ2MNmjrkHXg4FSpOA/grxK8KwyZ5bubHsCq8FXCkua6xhuaaBit+3b7+VZRfcA==",
      "dev": true,
      "license": "MIT",
      "dependencies": {
        "@babel/compat-data": "^7.28.6",
        "@babel/helper-validator-option": "^7.27.1",
        "browserslist": "^4.24.0",
        "lru-cache": "^5.1.1",
        "semver": "^6.3.1"
      },
      "engines": {
        "node": ">=6.9.0"
      }
    },
    "node_modules/@babel/helper-globals": {
      "version": "7.28.0",
      "resolved": "https://registry.npmjs.org/@babel/helper-globals/-/helper-globals-7.28.0.tgz",
      "integrity": "sha512-+W6cISkXFa1jXsDEdYA8HeevQT/FULhxzR99pxphltZcVaugps53THCeiWA8SguxxpSp3gKPiuYfSWopkLQ4hw==",
      "dev": true,
      "license": "MIT",
      "engines": {
        "node": ">=6.9.0"
      }
    },
    "node_modules/@babel/helper-module-imports": {
      "version": "7.28.6",
      "resolved": "https://registry.npmjs.org/@babel/helper-module-imports/-/helper-module-imports-7.28.6.tgz",
      "integrity": "sha512-l5XkZK7r7wa9LucGw9LwZyyCUscb4x37JWTPz7swwFE/0FMQAGpiWUZn8u9DzkSBWEcK25jmvubfpw2dnAMdbw==",
      "dev": true,
      "license": "MIT",
      "dependencies": {
        "@babel/traverse": "^7.28.6",
        "@babel/types": "^7.28.6"
      },
      "engines": {
        "node": ">=6.9.0"
      }
    },
    "node_modules/@babel/helper-module-transforms": {
      "version": "7.28.6",
      "resolved": "https://registry.npmjs.org/@babel/helper-module-transforms/-/helper-module-transforms-7.28.6.tgz",
      "integrity": "sha512-67oXFAYr2cDLDVGLXTEABjdBJZ6drElUSI7WKp70NrpyISso3plG9SAGEF6y7zbha/wOzUByWWTJvEDVNIUGcA==",
      "dev": true,
      "license": "MIT",
      "dependencies": {
        "@babel/helper-module-imports": "^7.28.6",
        "@babel/helper-validator-identifier": "^7.28.5",
        "@babel/traverse": "^7.28.6"
      },
      "engines": {
        "node": ">=6.9.0"
      },
      "peerDependencies": {
        "@babel/core": "^7.0.0"
      }
    },
    "node_modules/@babel/helper-string-parser": {
      "version": "7.27.1",
      "resolved": "https://registry.npmjs.org/@babel/helper-string-parser/-/helper-string-parser-7.27.1.tgz",
      "integrity": "sha512-qMlSxKbpRlAridDExk92nSobyDdpPijUq2DW6oDnUqd0iOGxmQjyqhMIihI9+zv4LPyZdRje2cavWPbCbWm3eA==",
      "dev": true,
      "license": "MIT",
      "engines": {
        "node": ">=6.9.0"
      }
    },
    "node_modules/@babel/helper-validator-identifier": {
      "version": "7.28.5",
      "resolved": "https://registry.npmjs.org/@babel/helper-validator-identifier/-/helper-validator-identifier-7.28.5.tgz",
      "integrity": "sha512-qSs4ifwzKJSV39ucNjsvc6WVHs6b7S03sOh2OcHF9UHfVPqWWALUsNUVzhSBiItjRZoLHx7nIarVjqKVusUZ1Q==",
      "license": "MIT",
      "engines": {
        "node": ">=6.9.0"
      }
    },
    "node_modules/@babel/helper-validator-option": {
      "version": "7.27.1",
      "resolved": "https://registry.npmjs.org/@babel/helper-validator-option/-/helper-validator-option-7.27.1.tgz",
      "integrity": "sha512-YvjJow9FxbhFFKDSuFnVCe2WxXk1zWc22fFePVNEaWJEu8IrZVlda6N0uHwzZrUM1il7NC9Mlp4MaJYbYd9JSg==",
      "dev": true,
      "license": "MIT",
      "engines": {
        "node": ">=6.9.0"
      }
    },
    "node_modules/@babel/helpers": {
      "version": "7.29.2",
      "resolved": "https://registry.npmjs.org/@babel/helpers/-/helpers-7.29.2.tgz",
      "integrity": "sha512-HoGuUs4sCZNezVEKdVcwqmZN8GoHirLUcLaYVNBK2J0DadGtdcqgr3BCbvH8+XUo4NGjNl3VOtSjEKNzqfFgKw==",
      "dev": true,
      "license": "MIT",
      "dependencies": {
        "@babel/template": "^7.28.6",
        "@babel/types": "^7.29.0"
      },
      "engines": {
        "node": ">=6.9.0"
      }
    },
    "node_modules/@babel/parser": {
      "version": "7.29.3",
      "resolved": "https://registry.npmjs.org/@babel/parser/-/parser-7.29.3.tgz",
      "integrity": "sha512-b3ctpQwp+PROvU/cttc4OYl4MzfJUWy6FZg+PMXfzmt/+39iHVF0sDfqay8TQM3JA2EUOyKcFZt75jWriQijsA==",
      "dev": true,
      "license": "MIT",
      "dependencies": {
        "@babel/types": "^7.29.0"
      },
      "bin": {
        "parser": "bin/babel-parser.js"
      },
      "engines": {
        "node": ">=6.0.0"
      }
    },
    "node_modules/@babel/template": {
      "version": "7.28.6",
      "resolved": "https://registry.npmjs.org/@babel/template/-/template-7.28.6.tgz",
      "integrity": "sha512-YA6Ma2KsCdGb+WC6UpBVFJGXL58MDA6oyONbjyF/+5sBgxY/dwkhLogbMT2GXXyU84/IhRw/2D1Os1B/giz+BQ==",
      "dev": true,
      "license": "MIT",
      "dependencies": {
        "@babel/code-frame": "^7.28.6",
        "@babel/parser": "^7.28.6",
        "@babel/types": "^7.28.6"
      },
      "engines": {
        "node": ">=6.9.0"
      }
    },
    "node_modules/@babel/traverse": {
      "version": "7.29.0",
      "resolved": "https://registry.npmjs.org/@babel/traverse/-/traverse-7.29.0.tgz",
      "integrity": "sha512-4HPiQr0X7+waHfyXPZpWPfWL/J7dcN1mx9gL6WdQVMbPnF3+ZhSMs8tCxN7oHddJE9fhNE7+lxdnlyemKfJRuA==",
      "dev": true,
      "license": "MIT",
      "dependencies": {
        "@babel/code-frame": "^7.29.0",
        "@babel/generator": "^7.29.0",
        "@babel/helper-globals": "^7.28.0",
        "@babel/parser": "^7.29.0",
        "@babel/template": "^7.28.6",
        "@babel/types": "^7.29.0",
        "debug": "^4.3.1"
      },
      "engines": {
        "node": ">=6.9.0"
      }
    },
    "node_modules/@babel/types": {
      "version": "7.29.0",
      "resolved": "https://registry.npmjs.org/@babel/types/-/types-7.29.0.tgz",
      "integrity": "sha512-LwdZHpScM4Qz8Xw2iKSzS+cfglZzJGvofQICy7W7v4caru4EaAmyUuO6BGrbyQ2mYV11W0U8j5mBhd14dd3B0A==",
      "dev": true,
      "license": "MIT",
      "dependencies": {
        "@babel/helper-string-parser": "^7.27.1",
        "@babel/helper-validator-identifier": "^7.28.5"
      },
      "engines": {
        "node": ">=6.9.0"
      }
    },
    "node_modules/@emnapi/runtime": {
      "version": "1.10.0",
      "resolved": "https://registry.npmjs.org/@emnapi/runtime/-/runtime-1.10.0.tgz",
      "integrity": "sha512-ewvYlk86xUoGI0zQRNq/mC+16R1QeDlKQy21Ki3oSYXNgLb45GV1P6A0M+/s6nyCuNDqe5VpaY84BzXGwVbwFA==",
      "license": "MIT",
      "optional": true,
      "dependencies": {
        "tslib": "^2.4.0"
      }
    },
    "node_modules/@eslint-community/eslint-utils": {
      "version": "4.9.1",
      "resolved": "https://registry.npmjs.org/@eslint-community/eslint-utils/-/eslint-utils-4.9.1.tgz",
      "integrity": "sha512-phrYmNiYppR7znFEdqgfWHXR6NCkZEK7hwWDHZUjit/2/U0r6XvkDl0SYnoM51Hq7FhCGdLDT6zxCCOY1hexsQ==",
      "dev": true,
      "license": "MIT",
      "dependencies": {
        "eslint-visitor-keys": "^3.4.3"
      },
      "engines": {
        "node": "^12.22.0 || ^14.17.0 || >=16.0.0"
      },
      "funding": {
        "url": "https://opencollective.com/eslint"
      },
      "peerDependencies": {
        "eslint": "^6.0.0 || ^7.0.0 || >=8.0.0"
      }
    },
    "node_modules/@eslint-community/eslint-utils/node_modules/eslint-visitor-keys": {
      "version": "3.4.3",
      "resolved": "https://registry.npmjs.org/eslint-visitor-keys/-/eslint-visitor-keys-3.4.3.tgz",
      "integrity": "sha512-wpc+LXeiyiisxPlEkUzU6svyS1frIO3Mgxj1fdy7Pm8Ygzguax2N3Fa/D/ag1WqbOprdI+uY6wMUl8/a2G+iag==",
      "dev": true,
      "license": "Apache-2.0",
      "engines": {
        "node": "^12.22.0 || ^14.17.0 || >=16.0.0"
      },
      "funding": {
        "url": "https://opencollective.com/eslint"
      }
    },
    "node_modules/@eslint-community/regexpp": {
      "version": "4.12.2",
      "resolved": "https://registry.npmjs.org/@eslint-community/regexpp/-/regexpp-4.12.2.tgz",
      "integrity": "sha512-EriSTlt5OC9/7SXkRSCAhfSxxoSUgBm33OH+IkwbdpgoqsSsUg7y3uh+IICI/Qg4BBWr3U2i39RpmycbxMq4ew==",
      "dev": true,
      "license": "MIT",
      "engines": {
        "node": "^12.0.0 || ^14.0.0 || >=16.0.0"
      }
    },
    "node_modules/@eslint/config-array": {
      "version": "0.21.2",
      "resolved": "https://registry.npmjs.org/@eslint/config-array/-/config-array-0.21.2.tgz",
      "integrity": "sha512-nJl2KGTlrf9GjLimgIru+V/mzgSK0ABCDQRvxw5BjURL7WfH5uoWmizbH7QB6MmnMBd8cIC9uceWnezL1VZWWw==",
      "dev": true,
      "license": "Apache-2.0",
      "dependencies": {
        "@eslint/object-schema": "^2.1.7",
        "debug": "^4.3.1",
        "minimatch": "^3.1.5"
      },
      "engines": {
        "node": "^18.18.0 || ^20.9.0 || >=21.1.0"
      }
    },
    "node_modules/@eslint/config-helpers": {
      "version": "0.4.2",
      "resolved": "https://registry.npmjs.org/@eslint/config-helpers/-/config-helpers-0.4.2.tgz",
      "integrity": "sha512-gBrxN88gOIf3R7ja5K9slwNayVcZgK6SOUORm2uBzTeIEfeVaIhOpCtTox3P6R7o2jLFwLFTLnC7kU/RGcYEgw==",
      "dev": true,
      "license": "Apache-2.0",
      "dependencies": {
        "@eslint/core": "^0.17.0"
      },
      "engines": {
        "node": "^18.18.0 || ^20.9.0 || >=21.1.0"
      }
    },
    "node_modules/@eslint/core": {
      "version": "0.17.0",
      "resolved": "https://registry.npmjs.org/@eslint/core/-/core-0.17.0.tgz",
      "integrity": "sha512-yL/sLrpmtDaFEiUj1osRP4TI2MDz1AddJL+jZ7KSqvBuliN4xqYY54IfdN8qD8Toa6g1iloph1fxQNkjOxrrpQ==",
      "dev": true,
      "license": "Apache-2.0",
      "dependencies": {
        "@types/json-schema": "^7.0.15"
      },
      "engines": {
        "node": "^18.18.0 || ^20.9.0 || >=21.1.0"
      }
    },
    "node_modules/@eslint/eslintrc": {
      "version": "3.3.5",
      "resolved": "https://registry.npmjs.org/@eslint/eslintrc/-/eslintrc-3.3.5.tgz",
      "integrity": "sha512-4IlJx0X0qftVsN5E+/vGujTRIFtwuLbNsVUe7TO6zYPDR1O6nFwvwhIKEKSrl6dZchmYBITazxKoUYOjdtjlRg==",
      "dev": true,
      "license": "MIT",
      "dependencies": {
        "ajv": "^6.14.0",
        "debug": "^4.3.2",
        "espree": "^10.0.1",
        "globals": "^14.0.0",
        "ignore": "^5.2.0",
        "import-fresh": "^3.2.1",
        "js-yaml": "^4.1.1",
        "minimatch": "^3.1.5",
        "strip-json-comments": "^3.1.1"
      },
      "engines": {
        "node": "^18.18.0 || ^20.9.0 || >=21.1.0"
      },
      "funding": {
        "url": "https://opencollective.com/eslint"
      }
    },
    "node_modules/@eslint/eslintrc/node_modules/globals": {
      "version": "14.0.0",
      "resolved": "https://registry.npmjs.org/globals/-/globals-14.0.0.tgz",
      "integrity": "sha512-oahGvuMGQlPw/ivIYBjVSrWAfWLBeku5tpPE2fOPLi+WHffIWbuh2tCjhyQhTBPMf5E9jDEH4FOmTYgYwbKwtQ==",
      "dev": true,
      "license": "MIT",
      "engines": {
        "node": ">=18"
      },
      "funding": {
        "url": "https://github.com/sponsors/sindresorhus"
      }
    },
    "node_modules/@eslint/js": {
      "version": "9.39.4",
      "resolved": "https://registry.npmjs.org/@eslint/js/-/js-9.39.4.tgz",
      "integrity": "sha512-nE7DEIchvtiFTwBw4Lfbu59PG+kCofhjsKaCWzxTpt4lfRjRMqG6uMBzKXuEcyXhOHoUp9riAm7/ï¿vîÚ$z{-®éÜj×÷Væ–f–VB Ð¢ÐÐ¢ÒÀÐ¢&æöFUöÖöGVÆW2÷Væ—7B×WF–Â×÷6—F–öâ#¢°Ð¢'fW'6–öâ#¢#Rãã"ÀÐ¢'&W6öÇfVB#¢&‡GG3¢ò÷&Vv—7G'’æçÖ§2æ÷&r÷Væ—7B×WF–Â×÷6—F–öâòÒ÷Væ—7B×WF–Â×÷6—F–öâÓRããçFw¢"ÀÐ¢&–çFVw&—G’#¢'6†S"ÖgV743t†¥‡f´#U#6µD4óvµV¥&G%3$§C4Òôe†Ô„Ô$öÓ„¥“$'4„„g7“#tSVöÅ‡'ç¥‡4¢¶¤å”Ewdô¥¥ÓÒ"ÀÐ¢&Æ–6Vç6R#¢$Ô•B"ÀÐ¢&FWVæFVæ6–W2#¢°Ð¢$G—W2÷Væ—7B#¢%ã2ãã Ð¢ÒÀÐ¢&gVæF–ær#¢°Ð¢'G—R#¢&÷Væ6öÆÆV7F—fR"ÀÐ¢'W&Â#¢&‡GG3¢òö÷Væ6öÆÆV7F—fRæ6öÒ÷Væ–f–VB Ð¢ÐÐ¢ÒÀÐ¢&æöFUöÖöGVÆW2÷Væ—7B×WF–Â×÷6—F–öâÖg&öÒÖW7G&VR#¢°Ð¢'fW'6–öâ#¢#"ãã"ÀÐ¢'&W6öÇfVB#¢&‡GG3¢ò÷&Vv—7G'’æçÖ§2æ÷&r÷Væ—7B×WF–Â×÷6—F–öâÖg&öÒÖW7G&VRòÒ÷Væ—7B×WF–Â×÷6—F–öâÖg&öÒÖW7G&VRÓ"ããçFw¢"ÀÐ¢&–çFVw&—G’#¢'6†S"Ô¶ee&¦÷Ç”ce•„6%dÄæBöU3B´öeã'”öCw¤böƒUBô54Ã'c„çãfUEgF%‡F„wsVärµUGG´FD•§"¶5%ÓÒ"ÀÐ¢&Æ–6Vç6R#¢$Ô•B"ÀÐ¢&FWVæFVæ6–W2#¢°Ð¢$G—W2÷Væ—7B#¢%ã2ãã Ð¢ÒÀÐ¢&gVæF–ær#¢°Ð¢'G—R#¢&÷Væ6öÆÆV7F—fR"ÀÐ¢'W&Â#¢&‡GG3¢òö÷Væ6öÆÆV7F—fRæ6öÒ÷Væ–f–VB Ð¢ÐÐ¢ÒÀÐ¢&æöFUöÖöGVÆW2÷Væ—7B×WF–Â×&VÖ÷fR#¢°Ð¢'fW'6–öâ#¢#2ãã"ÀÐ¢'&W6öÇfVB#¢&‡GG3¢ò÷&Vv—7G'’æçÖ§2æ÷&r÷Væ—7B×WF–Â×&VÖ÷fRòÒ÷Væ—7B×WF–Â×&VÖ÷fRÓ2ããçFw¢"ÀÐ¢&–çFVw&—G’#¢'6†S"Ö¶d7¤³U•e“W”Vƒ—GgÃt¶ä$$‡S&3d7¤Ö·…W&Ä÷&ttô×4×gutõg&$F£4¶†÷e#v““dvFs'bôTdSgsÓÒ"ÀÐ¢&Æ–6Vç6R#¢$Ô•B"ÀÐ¢&FWVæFVæ6–W2#¢°Ð¢$G—W2÷Væ—7B#¢%ã"ãã"ÀÐ¢'Væ—7B×WF–ÂÖ—2#¢%ãRãã"ÀÐ¢'Væ—7B×WF–Â×f—6—B×&VçG2#¢%ãRãã Ð¢ÒÀÐ¢&gVæF–ær#¢°Ð¢'G—R#¢&÷Væ6öÆÆV7F—fR"ÀÐ¢'W&Â#¢&‡GG3¢òö÷Væ6öÆÆV7F—fRæ6öÒ÷Væ–f–VB Ð¢ÐÐ¢ÒÀÐ¢&æöFUöÖöGVÆW2÷Væ—7B×WF–Â×&VÖ÷fRöæöFUöÖöGVÆW2ôG—W2÷Væ—7B#¢°Ð¢'fW'6–öâ#¢#"ãã"ÀÐ¢'&W6öÇfVB#¢&‡GG3¢ò÷&Vv—7G'’æçÖ§2æ÷&rôG—W2÷Væ—7BòÒ÷Væ—7BÓ"ããçFw¢"ÀÐ¢&–çFVw&—G’#¢'6†S"Ô6Ô$¶”Ãdäæòô÷vÔÖã“Tf³•v†Ç&×Gd—b´´ç´ã$cE6§g$VW7V%E%tu•6r´&åu¤öæÄ65ES4×4$÷¦v%–†ç4ÓÒ"ÀÐ¢&Æ–6Vç6R#¢$Ô•B Ð¢ÒÀÐ¢&æöFUöÖöGVÆW2÷Væ—7B×WF–Â×&VÖ÷fRöæöFUöÖöGVÆW2÷Væ—7B×WF–ÂÖ—2#¢°Ð¢'fW'6–öâ#¢#Rã"ã"ÀÐ¢'&W6öÇfVB#¢&‡GG3¢ò÷&Vv—7G'’æçÖ§2æ÷&r÷Væ—7B×WF–ÂÖ—2òÒ÷Væ—7B×WF–ÂÖ—2ÓRã"ãçFw¢"ÀÐ¢&–çFVw&—G’#¢'6†S"×S–æ§—–dVƒC6çcÒ·”t´Due%’ô¥tVVÖsVäƒVæ4µf’¶´&$´$¦õFG6öt×S37V‡—GTÆÇc—“óttƒvdVGtÆDÅsÓÒ"ÀÐ¢&Æ–6Vç6R#¢$Ô•B"ÀÐ¢&FWVæFVæ6–W2#¢°Ð¢$G—W2÷Væ—7B#¢%ã"ãã Ð¢ÒÀÐ¢&gVæF–ær#¢°Ð¢'G—R#¢&÷Væ6öÆÆV7F—fR"ÀÐ¢'W&Â#¢&‡GG3¢òö÷Væ6öÆÆV7F—fRæ6öÒ÷Væ–f–VB Ð¢ÐÐ¢ÒÀÐ¢&æöFUöÖöGVÆW2÷Væ—7B×WF–Â×7G&–æv–g’×÷6—F–öâ#¢°Ð¢'fW'6–öâ#¢#Bãã"ÀÐ¢'&W6öÇfVB#¢&‡GG3¢ò÷&Vv—7G'’æçÖ§2æ÷&r÷Væ—7B×WF–Â×7G&–æv–g’×÷6—F–öâòÒ÷Væ—7B×WF–Â×7G&–æv–g’×÷6—F–öâÓBããçFw¢"ÀÐ¢&–çFVw&—G’#¢'6†S"Ó5cdô´4Fµ3"·‡sU%„§—w'WW'$3D¥¥6Óvç#tÔ÷Cö¤§g—–òµW…¦c†£„d4cf¶×¤5¤¶4tâ÷—S&vÓ%†uÓÒ"ÀÐ¢&Æ–6Vç6R#¢$Ô•B"ÀÐ¢&FWVæFVæ6–W2#¢°Ð¢$G—W2÷Væ—7B#¢%ã2ãã Ð¢ÒÀÐ¢&gVæF–ær#¢°Ð¢'G—R#¢&÷Væ6öÆÆV7F—fR"ÀÐ¢'W&Â#¢&‡GG3¢òö÷Væ6öÆÆV7F—fRæ6öÒ÷Væ–f–VB Ð¢ÐÐ¢ÒÀÐ¢&æöFUöÖöGVÆW2÷Væ—7B×WF–Â×f—6—B#¢°Ð¢'fW'6–öâ#¢#Rãã"ÀÐ¢'&W6öÇfVB#¢&‡GG3¢ò÷&Vv—7G'’æçÖ§2æ÷&r÷Væ—7B×WF–Â×f—6—BòÒ÷Væ—7B×WF–Â×f—6—BÓRããçFw¢"ÀÐ¢&–çFVw&—G’#¢'6†S"ÖÒ·d–G–T4÷G"õU7S$W§…‚öö†u3„¶&åFtfæ“FE6e47G£…WG•“Tv¥''S…D·U–ãtg–£5¶ä¥74t´÷¦sÓÒ"ÀÐ¢&Æ–6Vç6R#¢$Ô•B"ÀÐ¢&FWVæFVæ6–W2#¢°Ð¢$G—W2÷Væ—7B#¢%ã2ãã"ÀÐ¢'Væ—7B×WF–ÂÖ—2#¢%ãbãã"ÀÐ¢'Væ—7B×WF–Â×f—6—B×&VçG2#¢%ãbãã Ð¢ÒÀÐ¢&gVæF–ær#¢°Ð¢'G—R#¢&÷Væ6öÆÆV7F—fR"ÀÐ¢'W&Â#¢&‡GG3¢òö÷Væ6öÆÆV7F—fRæ6öÒ÷Væ–f–VB Ð¢ÐÐ¢ÒÀÐ¢&æöFUöÖöGVÆW2÷Væ—7B×WF–Â×f—6—B×&VçG2#¢°Ð¢'fW'6–öâ#¢#Rãã2"ÀÐ¢'&W6öÇfVB#¢&‡GG3¢ò÷&Vv—7G'’æçÖ§2æ÷&r÷Væ—7B×WF–Â×f—6—B×&VçG2òÒ÷Væ—7B×WF–Â×f—6—B×&VçG2ÓRãã2çFw¢"ÀÐ¢&–çFVw&—G’#¢'6†S"×ƒb·“†swut×•„Ã•¦f„•„D3u‡v&ã–å&÷4E†ÃwõE47“”ç†ä¶2¶…vö´f–eu”Dv“SG&EW·f$6B³´Æ†sÓÒ"ÀÐ¢&Æ–6Vç6R#¢$Ô•B"ÀÐ¢&FWVæFVæ6–W2#¢°Ð¢$G—W2÷Væ—7B#¢%ã"ãã"ÀÐ¢'Væ—7B×WF–ÂÖ—2#¢%ãRãã Ð¢ÒÀÐ¢&gVæF–ær#¢°Ð¢'G—R#¢&÷Væ6öÆÆV7F—fR"ÀÐ¢'W&Â#¢&‡GG3¢òö÷Væ6öÆÆV7F—fRæ6öÒ÷Væ–f–VB Ð¢ÐÐ¢ÒÀÐ¢&æöFUöÖöGVÆW2÷Væ—7B×WF–Â×f—6—B×&VçG2öæöFUöÖöGVÆW2ôG—W2÷Væ—7B#¢°Ð¢'fW'6–öâ#¢#"ãã"ÀÐ¢'&W6öÇfVB#¢&‡GG3¢ò÷&Vv—7G'’æçÖ§2æ÷&rôG—W2÷Væ—7BòÒ÷Væ—7BÓ"ããçFw¢"ÀÐ¢&–çFVw&—G’#¢'6†S"Ô6Ô$¶”Ãdäæòô÷vÔÖã“Tf³•v†Ç&×Gd—b´´ç´ã$cE6§g$VW7V%E%tu•6r´&åu¤öæÄ65ES4×4$÷¦v%–†ç4ÓÒ"ÀÐ¢&Æ–6Vç6R#¢$Ô•B Ð¢ÒÀÐ¢&æöFUöÖöGVÆW2÷Væ—7B×WF–Â×f—6—B×&VçG2öæöFUöÖöGVÆW2÷Væ—7B×WF–ÂÖ—2#¢°Ð¢'fW'6–öâ#¢#Rã"ã"ÀÐ¢'&W6öÇfVB#¢&‡GG3¢ò÷&Vv—7G'’æçÖ§2æ÷&r÷Væ—7B×WF–ÂÖ—2òÒ÷Væ—7B×WF–ÂÖ—2ÓRã"ãçFw¢"ÀÐ¢&–çFVw&—G’#¢'6†S"×S–æ§—–dVƒC6çcÒ·”t´Due%’ô¥tVVÖsVäƒVæ4µf’¶´&$´$¦õFG6öt×S37V‡—GTÆÇc—“óttƒvdVGtÆDÅsÓÒ"ÀÐ¢&Æ–6Vç6R#¢$Ô•B"ÀÐ¢&FWVæFVæ6–W2#¢°Ð¢$G—W2÷Væ—7B#¢%ã"ãã Ð¢ÒÀÐ¢&gVæF–ær#¢°Ð¢'G—R#¢&÷Væ6öÆÆV7F—fR"ÀÐ¢'W&Â#¢&‡GG3¢òö÷Væ6öÆÆV7F—fRæ6öÒ÷Væ–f–VB Ð¢ÐÐ¢ÒÀÐ¢&æöFUöÖöGVÆW2÷Væ—7B×WF–Â×f—6—BöæöFUöÖöGVÆW2÷Væ—7B×WF–Â×f—6—B×&VçG2#¢°Ð¢'fW'6–öâ#¢#bãã""ÀÐ¢'&W6öÇfVB#¢&‡GG3¢ò÷&Vv—7G'’æçÖ§2æ÷&r÷Væ—7B×WF–Â×f—6—B×&VçG2òÒ÷Væ—7B×WF–Â×f—6—B×&VçG2Óbãã"çFw¢"ÀÐ¢&–çFVw&—G’#¢'6†S"Övöƒ3D''7Vµ63‡w&§uv„Ã†”§†t†ÓF´g„vÅ³„e•42öÓf5G3E•–VÓucccD„…gfvõÆ³ƒ“76G7#$•ÓÒ"ÀÐ¢&Æ–6Vç6R#¢$Ô•B"ÀÐ¢&FWVæFVæ6–W2#¢°Ð¢$G—W2÷Væ—7B#¢%ã2ãã"ÀÐ¢'Væ—7B×WF–ÂÖ—2#¢%ãbãã Ð¢ÒÀÐ¢&gVæF–ær#¢°Ð¢'G—R#¢&÷Væ6öÆÆV7F—fR"ÀÐ¢'W&Â#¢&‡GG3¢òö÷Væ6öÆÆV7F—fRæ6öÒ÷Væ–f–VB Ð¢ÐÐ¢ÒÀÐ¢&æöFUöÖöGVÆW2÷WFFRÖ'&÷w6W'6Æ—7BÖF"#¢°Ð¢'fW'6–öâ#¢#ã"ã2"ÀÐ¢'&W6öÇfVB#¢&‡GG3¢ò÷&Vv—7G'’æçÖ§2æ÷&r÷WFFRÖ'&÷w6W'6Æ—7BÖF"òÒ÷WFFRÖ'&÷w6W'6Æ—7BÖF"Óã"ã2çFw¢"ÀÐ¢&–çFVw&—G’#¢'6†S"Ô§3Ó–7‚·ötG†óTÖ”dtWVUw§G¢¶CB´Ó7$vÆÔµBµCD•2ö¥G–Çs4çwSf7EE…#Ô3´cEf&DÇC4&c#—sÓÒ"ÀÐ¢&FWb#¢G'VRÀÐ¢&gVæF–ær#¢°Ð¢°Ð¢'G—R#¢&÷Væ6öÆÆV7F—fR"ÀÐ¢'W&Â#¢&‡GG3¢òö÷Væ6öÆÆV7F—fRæ6öÒö'&÷w6W'6Æ—7B Ð¢ÒÀÐ¢°Ð¢'G—R#¢'F–FVÆ–gB"ÀÐ¢'W&Â#¢&‡GG3¢ò÷F–FVÆ–gBæ6öÒögVæF–æröv—F‡V"öçÒö'&÷w6W'6Æ—7B Ð¢ÒÀÐ¢°Ð¢'G—R#¢&v—F‡V""ÀÐ¢'W&Â#¢&‡GG3¢òöv—F‡V"æ6öÒ÷7öç6÷'2ö’ Ð¢ÐÐ¢ÒÀÐ¢&Æ–6Vç6R#¢$Ô•B"ÀÐ¢&FWVæFVæ6–W2#¢°Ð¢&W66ÆFR#¢%ã2ã"ã"ÀÐ¢'–6ö6öÆ÷'2#¢%ããã Ð¢ÒÀÐ¢&&–â#¢°Ð¢'WFFRÖ'&÷w6W'6Æ—7BÖF"#¢&6Æ’æ§2 Ð¢ÒÀÐ¢'VW$FWVæFVæ6–W2#¢°Ð¢&'&÷w6W'6Æ—7B#¢#ãÒBã#ã Ð¢ÐÐ¢ÒÀÐ¢&æöFUöÖöGVÆW2÷W&’Ö§2#¢°Ð¢'fW'6–öâ#¢#BãBã"ÀÐ¢'&W6öÇfVB#¢&‡GG3¢ò÷&Vv—7G'’æçÖ§2æ÷&r÷W&’Ö§2òÒ÷W&’Ö§2ÓBãBãçFw¢"ÀÐ¢&–çFVw&—G’#¢'6†S"Ów$µW—“35–3“‡DÔÇGuƒ”cuD–evÅs–Fó…vÃ–“6T†–VVƒ„†eTÃ&dÕ„³g£3†V4·3–g$7TÄ§fæD&sÓÒ"ÀÐ¢&FWb#¢G'VRÀÐ¢&Æ–6Vç6R#¢$%4BÓ"Ô6ÆW6R"ÀÐ¢&FWVæFVæ6–W2#¢°Ð¢'Vç–6öFR#¢%ã"ãã Ð¢ÐÐ¢ÒÀÐ¢&æöFUöÖöGVÆW2÷ff–ÆR#¢°Ð¢'fW'6–öâ#¢#bãã2"ÀÐ¢'&W6öÇfVB#¢&‡GG3¢ò÷&Vv—7G'’æçÖ§2æ÷&r÷ff–ÆRòÒ÷ff–ÆRÓbãã2çFw¢"ÀÐ¢&–çFVw&—G’#¢'6†S"Ô·¤–$‚ó—E†C'S3¦b·6Ô×td76æóGt…fDæ×¤g”ÂµBôÃ5Tw³d¤¶egôdõ¤W¥4„Dƒ³C#dåT•…§C#&÷c5ÓÒ"ÀÐ¢&Æ–6Vç6R#¢$Ô•B"ÀÐ¢&FWVæFVæ6–W2#¢°Ð¢$G—W2÷Væ—7B#¢%ã2ãã"ÀÐ¢'ff–ÆRÖÖW76vR#¢%ãBãã Ð¢ÒÀÐ¢&gVæF–ær#¢°Ð¢'G—R#¢&÷Væ6öÆÆV7F—fR"ÀÐ¢'W&Â#¢&‡GG3¢òö÷Væ6öÆÆV7F—fRæ6öÒ÷Væ–f–VB Ð¢ÐÐ¢ÒÀÐ¢&æöFUöÖöGVÆW2÷ff–ÆRÖÖGFW"#¢°Ð¢'fW'6–öâ#¢#Rãã"ÀÐ¢'&W6öÇfVB#¢&‡GG3¢ò÷&Vv—7G'’æçÖ§2æ÷&r÷ff–ÆRÖÖGFW"òÒ÷ff–ÆRÖÖGFW"ÓRããçFw¢"ÀÐ¢&–çFVw&—G’#¢'6†S"Öóg&õƒ$•ƒ†f·•D‡•$4Õ†t†fÇETæÅ…4W4•3ƒb¶Ö$–•$S&g‡DEd×G6W——DwƒsW6–†”¤fò÷¥#g"óDÅG3$7sÓÒ"ÀÐ¢&Æ–6Vç6R#¢$Ô•B"ÀÐ¢&FWVæFVæ6–W2#¢°Ð¢'ff–ÆR#¢%ãbãã"ÀÐ¢'–ÖÂ#¢%ã"ãã Ð¢ÒÀÐ¢&gVæF–ær#¢°Ð¢'G—R#¢&÷Væ6öÆÆV7F—fR"ÀÐ¢'W&Â#¢&‡GG3¢òö÷Væ6öÆÆV7F—fRæ6öÒ÷Væ–f–VB Ð¢ÐÐ¢ÒÀÐ¢&æöFUöÖöGVÆW2÷ff–ÆRÖÖW76vR#¢°Ð¢'fW'6–öâ#¢#Bãã2"ÀÐ¢'&W6öÇfVB#¢&‡GG3¢ò÷&Vv—7G'’æçÖ§2æ÷&r÷ff–ÆRÖÖW76vRòÒ÷ff–ÆRÖÖW76vRÓBãã2çFw¢"ÀÐ¢&–çFVw&—G’#¢'6†S"ÕD‡§4vCV†%§3D5#¥ƒ$364öÇBô•t§'V³ƒ“4FdÅ'#SvÆ6äöTÖtsD³§%'FFÔ”¥¤·Fƒ$S6ÔÓ7S2ô¥t·sÓÒ"ÀÐ¢&Æ–6Vç6R#¢$Ô•B"ÀÐ¢&FWVæFVæ6–W2#¢°Ð¢$G—W2÷Væ—7B#¢%ã2ãã"ÀÐ¢'Væ—7B×WF–Â×7G&–æv–g’×÷6—F–öâ#¢%ãBãã Ð¢ÒÀÐ¢&gVæF–ær#¢°Ð¢'G—R#¢&÷Væ6öÆÆV7F—fR"ÀÐ¢'W&Â#¢&‡GG3¢òö÷Væ6öÆÆV7F—fRæ6öÒ÷Væ–f–VB Ð¢ÐÐ¢ÒÀÐ¢&æöFUöÖöGVÆW2÷v†–6‚#¢°Ð¢'fW'6–öâ#¢#"ãã""ÀÐ¢'&W6öÇfVB#¢&‡GG3¢ò÷&Vv—7G'’æçÖ§2æ÷&r÷v†–6‚òÒ÷v†–6‚Ó"ãã"çFw¢"ÀÐ¢&–çFVw&—G’#¢'6†S"Ô$Ä“5FÃEs5fÃsÃ7—5“cF’¶wu‡4t%•v¶·×Fæ%†w$ÔB·–£w&…s·TTG‡¤¦•„v¤UsVöv´äÔT´äÖ¦–$ÓÒ"ÀÐ¢&FWb#¢G'VRÀÐ¢&Æ–6Vç6R#¢$•42"ÀÐ¢&FWVæFVæ6–W2#¢°Ð¢&—6W†R#¢%ã"ãã Ð¢ÒÀÐ¢&&–â#¢°Ð¢&æöFR×v†–6‚#¢&&–âöæöFR×v†–6‚ Ð¢ÒÀÐ¢&Væv–æW2#¢°Ð¢&æöFR#¢#ãÒ‚ Ð¢ÐÐ¢ÒÀÐ¢&æöFUöÖöGVÆW2÷v†–6‚Ö&÷†VB×&–Ö—F—fR#¢°Ð¢'fW'6–öâ#¢#ãã"ÀÐ¢'&W6öÇfVB#¢&‡GG3¢ò÷&Vv—7G'’æçÖ§2æ÷&r÷v†–6‚Ö&÷†VB×&–Ö—F—fRòÒ÷v†–6‚Ö&÷†VB×&–Ö—F—fRÓããçFw¢"ÀÐ¢&–çFVw&—G’#¢'6†S"ÕF%ƒ6Ö£†ãöD4$efÅ“„†·4„7s4Ãc¤—Tc†¤es†£43%–†Ôwg$„'¥E$ƒ"÷‡—Vç$£–s¥7–¤6§õw¤”ÓÒ"ÀÐ¢&FWb#¢G'VRÀÐ¢&Æ–6Vç6R#¢$Ô•B"ÀÐ¢&FWVæFVæ6–W2#¢°Ð¢&—2Ö&–v–çB#¢%ããã"ÀÐ¢&—2Ö&ööÆVâÖö&¦V7B#¢%ãã"ã"ÀÐ¢&—2ÖçVÖ&W"Öö&¦V7B#¢%ããã"ÀÐ¢&—2×7G&–ær#¢%ããã"ÀÐ¢&—2×7–Ö&öÂ#¢%ããã Ð¢ÒÀÐ¢&Væv–æW2#¢°Ð¢&æöFR#¢#ãÒãB Ð¢ÒÀÐ¢&gVæF–ær#¢°Ð¢'W&Â#¢&‡GG3¢òöv—F‡V"æ6öÒ÷7öç6÷'2öÆ¦†&" Ð¢ÐÐ¢ÒÀÐ¢&æöFUöÖöGVÆW2÷v†–6‚Ö'V–ÇF–â×G—R#¢°Ð¢'fW'6–öâ#¢#ã"ã"ÀÐ¢'&W6öÇfVB#¢&‡GG3¢ò÷&Vv—7G'’æçÖ§2æ÷&r÷v†–6‚Ö'V–ÇF–â×G—RòÒ÷v†–6‚Ö'V–ÇF–â×G—RÓã"ãçFw¢"ÀÐ¢&–çFVw&—G’#¢'6†S"Óf”&7¦õ‚¶´Ev2µ”¤&æƒ5B´µ¥'„Òö•”å†–7³cbõfÓ#“6—R·”ô–Ö¶s¤†&£TÄäö4çcDTF•£†3D#GeÓÒ"ÀÐ¢&FWb#¢G'VRÀÐ¢&Æ–6Vç6R#¢$Ô•B"ÀÐ¢&FWVæFVæ6–W2#¢°Ð¢&6ÆÂÖ&÷VæB#¢%ããã""ÀÐ¢&gVæ7F–öâç&÷F÷G—RææÖR#¢%ãããb"ÀÐ¢&†2×F÷7G&–æwFr#¢%ããã""ÀÐ¢&—2Ö7–æ2ÖgVæ7F–öâ#¢%ã"ãã"ÀÐ¢&—2ÖFFRÖö&¦V7B#¢%ããã"ÀÐ¢&—2Öf–æÆ—¦F–öç&Vv—7G'’#¢%ããã"ÀÐ¢&—2ÖvVæW&F÷"ÖgVæ7F–öâ#¢%ããã"ÀÐ¢&—2×&VvW‚#¢%ãã"ã"ÀÐ¢&—2×vV·&Vb#¢%ããã""ÀÐ¢&—6'&’#¢%ã"ããR"ÀÐ¢'v†–6‚Ö&÷†VB×&–Ö—F—fR#¢%ããã"ÀÐ¢'v†–6‚Ö6öÆÆV7F–öâ#¢%ããã""ÀÐ¢'v†–6‚×G—VBÖ'&’#¢%ãããb Ð¢ÒÀÐ¢&Væv–æW2#¢°Ð¢&æöFR#¢#ãÒãB Ð¢ÒÀÐ¢&gVæF–ær#¢°Ð¢'W&Â#¢&‡GG3¢òöv—F‡V"æ6öÒ÷7öç6÷'2öÆ¦†&" Ð¢ÐÐ¢ÒÀÐ¢&æöFUöÖöGVÆW2÷v†–6‚Ö6öÆÆV7F–öâ#¢°Ð¢'fW'6–öâ#¢#ãã""ÀÐ¢'&W6öÇfVB#¢&‡GG3¢ò÷&Vv—7G'’æçÖ§2æ÷&r÷v†–6‚Ö6öÆÆV7F–öâòÒ÷v†–6‚Ö6öÆÆV7F–öâÓãã"çFw¢"ÀÐ¢&–çFVw&—G’#¢'6†S"Ô³F¥g–¦ä&Fwf3ƒe“d&¶Å¤Tã“357u”÷T$f¶FÔ'S•¦f¶4&Ef'•FäFÖ§e¢ö¥%…'cTUµFäC33”v–—&æt7sÓÒ"ÀÐ¢&FWb#¢G'VRÀÐ¢&Æ–6Vç6R#¢$Ô•B"ÀÐ¢&FWVæFVæ6–W2#¢°Ð¢&—2ÖÖ#¢%ã"ãã2"ÀÐ¢&—2×6WB#¢%ã"ãã2"ÀÐ¢&—2×vV¶Ö#¢%ã"ãã""ÀÐ¢&—2×vV·6WB#¢%ã"ãã2 Ð¢ÒÀÐ¢&Væv–æW2#¢°Ð¢&æöFR#¢#ãÒãB Ð¢ÒÀÐ¢&gVæF–ær#¢°Ð¢'W&Â#¢&‡GG3¢òöv—F‡V"æ6öÒ÷7öç6÷'2öÆ¦†&" Ð¢ÐÐ¢ÒÀÐ¢&æöFUöÖöGVÆW2÷v†–6‚×G—VBÖ'&’#¢°Ð¢'fW'6–öâ#¢#ãã#"ÀÐ¢'&W6öÇfVB#¢&‡GG3¢ò÷&Vv—7G'’æçÖ§2æ÷&r÷v†–6‚×G—VBÖ'&’òÒ÷v†–6‚×G—VBÖ'&’Óãã#çFw¢"ÀÐ¢&–çFVw&—G’#¢'6†S"ÔÅ–gV¶×vÃƒ”$„Ã”Ö×3C#u%¥wTô‡7V¶ef4µ'—“V•†Gs—ƒ¥'&4E#•ƒGvcUó„õ¦#VÆ·5£…†sÓÒ"ÀÐ¢&FWb#¢G'VRÀÐ¢&Æ–6Vç6R#¢$Ô•B"ÀÐ¢&FWVæFVæ6–W2#¢°Ð¢&f–Æ&ÆR×G—VBÖ'&—2#¢%ãããr"ÀÐ¢&6ÆÂÖ&–æB#¢%ããã‚"ÀÐ¢&6ÆÂÖ&÷VæB#¢%ãããB"ÀÐ¢&f÷"ÖV6‚#¢%ãã2ãR"ÀÐ¢&vWB×&÷Fò#¢%ããã"ÀÐ¢&v÷B#¢%ãã"ã"ÀÐ¢&†2×F÷7G&–æwFr#¢%ããã" Ð¢ÒÀÐ¢&Væv–æW2#¢°Ð¢&æöFR#¢#ãÒãB Ð¢ÒÀÐ¢&gVæF–ær#¢°Ð¢'W&Â#¢&‡GG3¢òöv—F‡V"æ6öÒ÷7öç6÷'2öÆ¦†&" Ð¢ÐÐ¢ÒÀÐ¢&æöFUöÖöGVÆW2÷v÷&B×w&#¢°Ð¢'fW'6–öâ#¢#ã"ãR"ÀÐ¢'&W6öÇfVB#¢&‡GG3¢ò÷&Vv—7G'’æçÖ§2æ÷&r÷v÷&B×w&òÒ÷v÷&B×w&Óã"ãRçFw¢"ÀÐ¢&–çFVw&—G’#¢'6†S"Ô$ã#$#VVÔÔ“•T×F§$vCVsVT5•5EW“d¥†%—6CW¥—†¤dö6µ3S55DS7vµfõw……f#4'%–4TãEGvST#V4ÓÒ"ÀÐ¢&FWb#¢G'VRÀÐ¢&Æ–6Vç6R#¢$Ô•B"ÀÐ¢&Væv–æW2#¢°Ð¢&æöFR#¢#ãÓãã Ð¢ÐÐ¢ÒÀÐ¢&æöFUöÖöGVÆW2÷–ÆÆ—7B#¢°Ð¢'fW'6–öâ#¢#2ãã"ÀÐ¢'&W6öÇfVB#¢&‡GG3¢ò÷&Vv—7G'’æçÖ§2æ÷&r÷–ÆÆ—7BòÒ÷–ÆÆ—7BÓ2ããçFw¢"ÀÐ¢&–çFVw&—G’#¢'6†S"ÖETuuƒS–Ôõ…U–äs&Wvæ53F“DcC5Gc4¦ôÒ·3%dDÕ3”ç4³„wDÔÇ$4…·4eCvƒ4³eDöõTæã'#u&õ‡ƒFsÓÒ"ÀÐ¢&FWb#¢G'VRÀÐ¢&Æ–6Vç6R#¢$•42 Ð¢ÒÀÐ¢&æöFUöÖöGVÆW2÷–ÖÂ#¢°Ð¢'fW'6–öâ#¢#"ã’ã"ÀÐ¢'&W6öÇfVB#¢&‡GG3¢ò÷&Vv—7G'’æçÖ§2æ÷&r÷–ÖÂòÒ÷–ÖÂÓ"ã’ãçFw¢"ÀÐ¢&–çFVw&—G’#¢'6†S"Ó$f„åƒ6Ö#‡¦Ce§“t”åGE7ÃcT…sevç£7%vÆ´´Æ7–ÂötÔ”Ô¦——Tw$¶T“%”g…U¦FÄ"³4Æ36TÔÇDÃF4ÓÒ"ÀÐ¢&Æ–6Vç6R#¢$•42"ÀÐ¢&&–â#¢°Ð¢'–ÖÂ#¢&&–âæÖ§2 Ð¢ÒÀÐ¢&Væv–æW2#¢°Ð¢&æöFR#¢#ãÒBãb Ð¢ÒÀÐ¢&gVæF–ær#¢°Ð¢'W&Â#¢&‡GG3¢òöv—F‡V"æ6öÒ÷7öç6÷'2öVVÖVÆ’ Ð¢ÐÐ¢ÒÀÐ¢&æöFUöÖöGVÆW2÷–ö7Fò×VWVR#¢°Ð¢'fW'6–öâ#¢#ãã"ÀÐ¢'&W6öÇfVB#¢&‡GG3¢ò÷&Vv—7G'’æçÖ§2æ÷&r÷–ö7Fò×VWVRòÒ÷–ö7Fò×VWVRÓããçFw¢"ÀÐ¢&–çFVw&—G’#¢'6†S"×%f·7g6ää6D¢öö„v3g†uw”ã†V†T7‡6”ÄÓ†×‡TR÷BöÔõg¦WuTóÖ”ÇD…•&uD´4ÆW„ÃDÖTefwG3t†Ôå£%ÓÒ"ÀÐ¢&FWb#¢G'VRÀÐ¢&Æ–6Vç6R#¢$Ô•B"ÀÐ¢&Væv–æW2#¢°Ð¢&æöFR#¢#ãÓ Ð¢ÒÀÐ¢&gVæF–ær#¢°Ð¢'W&Â#¢&‡GG3¢òöv—F‡V"æ6öÒ÷7öç6÷'2÷6–æG&W6÷&‡W2 Ð¢ÐÐ¢ÒÀÐ¢&æöFUöÖöGVÆW2÷¦öB#¢°Ð¢'fW'6–öâ#¢#Bãã""ÀÐ¢'&W6öÇfVB#¢&‡GG3¢ò÷&Vv—7G'’æçÖ§2æ÷&r÷¦öBòÒ÷¦öBÓBãã"çFw¢"ÀÐ¢&–çFVw&—G’#¢'6†S"Ô¤–æ„öÔs‡CR´W“†´vÖF46s4ôÃ—&T³†ÇF7¦t…Dtæ„×—2óeF…„†—G”‡…ec'6f·rö2´Ôd$„ee”„e¤FÖ¤Ô5ÓÒ"ÀÐ¢&FWb#¢G'VRÀÐ¢&Æ–6Vç6R#¢$Ô•B"ÀÐ¢&gVæF–ær#¢°Ð¢'W&Â#¢&‡GG3¢òöv—F‡V"æ6öÒ÷7öç6÷'2ö6öÆ–æ†6·2 Ð¢ÐÐ¢ÒÀÐ¢&æöFUöÖöGVÆW2÷¦öB×fÆ–FF–öâÖW'&÷"#¢°Ð¢'fW'6–öâ#¢#Bãã""ÀÐ¢'&W6öÇfVB#¢&‡GG3¢ò÷&Vv—7G'’æçÖ§2æ÷&r÷¦öB×fÆ–FF–öâÖW'&÷"òÒ÷¦öB×fÆ–FF–öâÖW'&÷"ÓBãã"çFw¢"ÀÐ¢&–çFVw&—G’#¢'6†S"Õböå¤ÆSf§‡USƒ"óGT£GCWc%dU£CFÇ¥¥F…”¤ç§E%Gw•v3edc4C4¶"ödUWE¥æ…36†æ¤6c”75vW6v„ÅÓÒ"ÀÐ¢&FWb#¢G'VRÀÐ¢&Æ–6Vç6R#¢$Ô•B"ÀÐ¢&Væv–æW2#¢°Ð¢&æöFR#¢#ãÓ‚ãã Ð¢ÒÀÐ¢'VW$FWVæFVæ6–W2#¢°Ð¢'¦öB#¢%ã2ã#RãÇÂãBãã Ð¢ÐÐ¢ÒÀÐ¢&æöFUöÖöGVÆW2÷§v—F6‚#¢°Ð¢'fW'6–öâ#¢#"ããB"ÀÐ¢'&W6öÇfVB#¢&‡GG3¢ò÷&Vv—7G'’æçÖ§2æ÷&r÷§v—F6‚òÒ÷§v—F6‚Ó"ããBçFw¢"ÀÐ¢&–çFVw&—G’#¢'6†S"Ö%„SF5"öµe¦„µ¥‚õ&¥VfÄ†µf…UfÃƒVæõS7cf#†eV3ƒD·¤'†¥£FÄã„ÇvCeu£6FÃ“‡“FósudfÖõ´ÓÒ"ÀÐ¢&Æ–6Vç6R#¢$Ô•B"ÀÐ¢&gVæF–ær#¢°Ð¢'G—R#¢&v—F‡V""ÀÐ¢'W&Â#¢&‡GG3¢òöv—F‡V"æ6öÒ÷7öç6÷'2÷vöö÷&Ò Ð¢ÐÐ¢ÐÐ¢ÐÐ§ÐÐ 